{
    "name": "startbootstrap-agency",
    "version": "5.2.2",
    "lockfileVersion": 1,
    "requires": true,
    "dependencies": {
        "@fortawesome/fontawesome-free": {
            "version": "5.10.2",
            "resolved": "https://registry.npm.taobao.org/@fortawesome/fontawesome-free/download/@fortawesome/fontawesome-free-5.10.2.tgz",
            "integrity": "sha1-J+AtoeNLUMmGkXnTZPtGYntSETA="
        },
        "bootstrap": {
            "version": "4.3.1",
            "resolved": "https://registry.npm.taobao.org/bootstrap/download/bootstrap-4.3.1.tgz",
            "integrity": "sha1-KAyo9hBQTZnXtrS/xLaM7GAXBKw="
        },
        "gulp-rename": {
            "version": "1.4.0",
            "resolved": "https://registry.npmjs.org/gulp-rename/-/gulp-rename-1.4.0.tgz",
            "integrity": "sha512-swzbIGb/arEoFK89tPY58vg3Ok1bw+d35PfUNwWqdo7KM4jkmuGA78JiDNqR+JeZFaeeHnRg9N7aihX3YPmsyg==",
            "dev": true
        },
        "jquery": {
            "version": "3.4.1",
            "resolved": "https://registry.npm.taobao.org/jquery/download/jquery-3.4.1.tgz",
            "integrity": "sha1-cU8fjZ3eS9+lV2S6N+8hRjDYDvI="
        },
        "jquery.easing": {
            "version": "1.4.1",
            "resolved": "https://registry.npm.taobao.org/jquery.easing/download/jquery.easing-1.4.1.tgz",
            "integrity": "sha1-R5gsWDa9dY/UhJSSPEoQHvbpPjs="
        }
    }
}
